
Microsoft Visual Studio Solution File, Format Version 12.00
# Visual Studio Version 17
VisualStudioVersion = 17.5.002.0
MinimumVisualStudioVersion = 10.0.40219.1
Project("{2150E333-8FDC-42A3-9474-1A3956D46DE8}") = "csharp-prep", "csharp-prep", "{91CA935C-3B7A-4D10-AC54-A425795B4FC0}"
EndProject
Project("{9A19103F-16F7-4668-BE54-9A1E7A4F7556}") = "Prep1", "csharp-prep\Prep1\Prep1.csproj", "{4B5BDD00-6969-4F84-9C6A-60893472A8CD}"
EndProject
Project("{9A19103F-16F7-4668-BE54-9A1E7A4F7556}") = "Prep2", "csharp-prep\Prep2\Prep2.csproj", "{E2C9B81E-2B86-4C67-87B9-EA040FCA6646}"
EndProject
Project("{9A19103F-16F7-4668-BE54-9A1E7A4F7556}") = "Prep3", "csharp-prep\Prep3\Prep3.csproj", "{ACE2AC15-FEFF-48D3-97A4-F0236CF86F40}"
EndProject
Project("{9A19103F-16F7-4668-BE54-9A1E7A4F7556}") = "Prep4", "csharp-prep\Prep4\Prep4.csproj", "{43D903FD-8940-45A3-9563-A804B03E35A3}"
EndProject
Project("{9A19103F-16F7-4668-BE54-9A1E7A4F7556}") = "Prep5", "csharp-prep\Prep5\Prep5.csproj", "{CC3618A9-C65B-4114-8146-E4F25FD79D01}"
EndProject
Project("{2150E333-8FDC-42A3-9474-1A3956D46DE8}") = "final", "final", "{FC5CE55B-6E15-4537-9FF2-78AC9190DA91}"
EndProject
Project("{9A19103F-16F7-4668-BE54-9A1E7A4F7556}") = "FinalProject", "final\FinalProject\FinalProject.csproj", "{A0B9A62B-7ADB-4433-8C10-7BDD2B37AFB5}"
EndProject
Project("{9A19103F-16F7-4668-BE54-9A1E7A4F7556}") = "Foundation1", "final\Foundation1\Foundation1.csproj", "{43EB6D42-E344-4504-B231-17269947C333}"
EndProject
Project("{9A19103F-16F7-4668-BE54-9A1E7A4F7556}") = "Foundation2", "final\Foundation2\Foundation2.csproj", "{B7E65D79-C8AD-43C9-A3F5-75DCC27075FD}"
EndProject
Project("{9A19103F-16F7-4668-BE54-9A1E7A4F7556}") = "Foundation3", "final\Foundation3\Foundation3.csproj", "{D2114525-CC21-466B-BD45-032D6A95A7B1}"
EndProject
Project("{9A19103F-16F7-4668-BE54-9A1E7A4F7556}") = "Foundation4", "final\Foundation4\Foundation4.csproj", "{95775884-CEFB-4C0F-BE63-88BAC48924D2}"
EndProject
Project("{2150E333-8FDC-42A3-9474-1A3956D46DE8}") = "prepare", "prepare", "{4DB10C55-75F4-4A69-B547-8556256B2CEF}"
EndProject
Project("{9A19103F-16F7-4668-BE54-9A1E7A4F7556}") = "Learning02", "prepare\Learning02\Learning02.csproj", "{1EDD2678-7C5E-40F7-9EF3-6071E728B233}"
EndProject
Project("{9A19103F-16F7-4668-BE54-9A1E7A4F7556}") = "Learning03", "prepare\Learning03\Learning03.csproj", "{369E3B1A-70E5-4E6A-A183-AA5389263180}"
EndProject
Project("{9A19103F-16F7-4668-BE54-9A1E7A4F7556}") = "Learning04", "prepare\Learning04\Learning04.csproj", "{3F468017-1D7C-45AF-93DF-CC2710B51A57}"
EndProject
Project("{9A19103F-16F7-4668-BE54-9A1E7A4F7556}") = "Learning05", "prepare\Learning05\Learning05.csproj", "{3224EF4C-3E77-49B2-B14E-895475796A9B}"
EndProject
Project("{2150E333-8FDC-42A3-9474-1A3956D46DE8}") = "prove", "prove", "{59A61E3A-C803-4BD7-8632-7CF068C66725}"
EndProject
Project("{9A19103F-16F7-4668-BE54-9A1E7A4F7556}") = "Develop02", "prove\Develop02\Develop02.csproj", "{34AF494E-0A86-4F9E-9F55-CDCA16D4CE1B}"
EndProject
Project("{9A19103F-16F7-4668-BE54-9A1E7A4F7556}") = "Develop03", "prove\Develop03\Develop03.csproj", "{41BFB8D7-2D52-4BCC-AC5B-3999983D74E8}"
EndProject
Project("{9A19103F-16F7-4668-BE54-9A1E7A4F7556}") = "Develop04", "prove\Develop04\Develop04.csproj", "{78345E41-5D01-49C7-B8A0-ED8C5BF2B903}"
EndProject
Project("{9A19103F-16F7-4668-BE54-9A1E7A4F7556}") = "Develop05", "prove\Develop05\Develop05.csproj", "{3B9A0433-921E-437E-A7C4-0102888E9220}"
EndProject
Project("{2150E333-8FDC-42A3-9474-1A3956D46DE8}") = "sandbox", "sandbox", "{AE8B5821-7CBC-4437-8B72-4CFE6B48700E}"
EndProject
Project("{9A19103F-16F7-4668-BE54-9A1E7A4F7556}") = "Sandbox", "sandbox\Sandbox\Sandbox.csproj", "{55A53E27-947F-4718-8D89-C613A991F4CB}"
EndProject
Global
	GlobalSection(SolutionConfigurationPlatforms) = preSolution
		Debug|Any CPU = Debug|Any CPU
		Release|Any CPU = Release|Any CPU
	EndGlobalSection
	GlobalSection(ProjectConfigurationPlatforms) = postSolution
		{4B5BDD00-6969-4F84-9C6A-60893472A8CD}.Debug|Any CPU.ActiveCfg = Debug|Any CPU
		{4B5BDD00-6969-4F84-9C6A-60893472A8CD}.Debug|Any CPU.Build.0 = Debug|Any CPU
		{4B5BDD00-6969-4F84-9C6A-60893472A8CD}.Release|Any CPU.ActiveCfg = Release|Any CPU
		{4B5BDD00-6969-4F84-9C6A-60893472A8CD}.Release|Any CPU.Build.0 = Release|Any CPU
		{E2C9B81E-2B86-4C67-87B9-EA040FCA6646}.Debug|Any CPU.ActiveCfg = Debug|Any CPU
		{E2C9B81E-2B86-4C67-87B9-EA040FCA6646}.Debug|Any CPU.Build.0 = Debug|Any CPU
		{E2C9B81E-2B86-4C67-87B9-EA040FCA6646}.Release|Any CPU.ActiveCfg = Release|Any CPU
		{E2C9B81E-2B86-4C67-87B9-EA040FCA6646}.Release|Any CPU.Build.0 = Release|Any CPU
		{ACE2AC15-FEFF-48D3-97A4-F0236CF86F40}.Debug|Any CPU.ActiveCfg = Debug|Any CPU
		{ACE2AC15-FEFF-48D3-97A4-F0236CF86F40}.Debug|Any CPU.Build.0 = Debug|Any CPU
		{ACE2AC15-FEFF-48D3-97A4-F0236CF86F40}.Release|Any CPU.ActiveCfg = Release|Any CPU
		{ACE2AC15-FEFF-48D3-97A4-F0236CF86F40}.Release|Any CPU.Build.0 = Release|Any CPU
		{43D903FD-8940-45A3-9563-A804B03E35A3}.Debug|Any CPU.ActiveCfg = Debug|Any CPU
		{43D903FD-8940-45A3-9563-A804B03E35A3}.Debug|Any CPU.Build.0 = Debug|Any CPU
		{43D903FD-8940-45A3-9563-A804B03E35A3}.Release|Any CPU.ActiveCfg = Release|Any CPU
		{43D903FD-8940-45A3-9563-A804B03E35A3}.Release|Any CPU.Build.0 = Release|Any CPU
		{CC3618A9-C65B-4114-8146-E4F25FD79D01}.Debug|Any CPU.ActiveCfg = Debug|Any CPU
		{CC3618A9-C65B-4114-8146-E4F25FD79D01}.Debug|Any CPU.Build.0 = Debug|Any CPU
		{CC3618A9-C65B-4114-8146-E4F25FD79D01}.Release|Any CPU.ActiveCfg = Release|Any CPU
		{CC3618A9-C65B-4114-8146-E4F25FD79D01}.Release|Any CPU.Build.0 = Release|Any CPU
		{A0B9A62B-7ADB-4433-8C10-7BDD2B37AFB5}.Debug|Any CPU.ActiveCfg = Debug|Any CPU
		{A0B9A62B-7ADB-4433-8C10-7BDD2B37AFB5}.Debug|Any CPU.Build.0 = Debug|Any CPU
		{A0B9A62B-7ADB-4433-8C10-7BDD2B37AFB5}.Release|Any CPU.ActiveCfg = Release|Any CPU
		{A0B9A62B-7ADB-4433-8C10-7BDD2B37AFB5}.Release|Any CPU.Build.0 = Release|Any CPU
		{43EB6D42-E344-4504-B231-17269947C333}.Debug|Any CPU.ActiveCfg = Debug|Any CPU
		{43EB6D42-E344-4504-B231-17269947C333}.Debug|Any CPU.Build.0 = Debug|Any CPU
		{43EB6D42-E344-4504-B231-17269947C333}.Release|Any CPU.ActiveCfg = Release|Any CPU
		{43EB6D42-E344-4504-B231-17269947C333}.Release|Any CPU.Build.0 = Release|Any CPU
		{B7E65D79-C8AD-43C9-A3F5-75DCC27075FD}.Debug|Any CPU.ActiveCfg = Debug|Any CPU
		{B7E65D79-C8AD-43C9-A3F5-75DCC27075FD}.Debug|Any CPU.Build.0 = Debug|Any CPU
		{B7E65D79-C8AD-43C9-A3F5-75DCC27075FD}.Release|Any CPU.ActiveCfg = Release|Any CPU
		{B7E65D79-C8AD-43C9-A3F5-75DCC27075FD}.Release|Any CPU.Build.0 = Release|Any CPU
		{D2114525-CC21-466B-BD45-032D6A95A7B1}.Debug|Any CPU.ActiveCfg = Debug|Any CPU
		{D2114525-CC21-466B-BD45-032D6A95A7B1}.Debug|Any CPU.Build.0 = Debug|Any CPU
		{D2114525-CC21-466B-BD45-032D6A95A7B1}.Release|Any CPU.ActiveCfg = Release|Any CPU
		{D2114525-CC21-466B-BD45-032D6A95A7B1}.Release|Any CPU.Build.0 = Release|Any CPU
		{95775884-CEFB-4C0F-BE63-88BAC48924D2}.Debug|Any CPU.ActiveCfg = Debug|Any CPU
		{95775884-CEFB-4C0F-BE63-88BAC48924D2}.Debug|Any CPU.Build.0 = Debug|Any CPU
		{95775884-CEFB-4C0F-BE63-88BAC48924D2}.Release|Any CPU.ActiveCfg = Release|Any CPU
		{95775884-CEFB-4C0F-BE63-88BAC48924D2}.Release|Any CPU.Build.0 = Release|Any CPU
		{1EDD2678-7C5E-40F7-9EF3-6071E728B233}.Debug|Any CPU.ActiveCfg = Debug|Any CPU
		{1EDD2678-7C5E-40F7-9EF3-6071E728B233}.Debug|Any CPU.Build.0 = Debug|Any CPU
		{1EDD2678-7C5E-40F7-9EF3-6071E728B233}.Release|Any CPU.ActiveCfg = Release|Any CPU
		{1EDD2678-7C5E-40F7-9EF3-6071E728B233}.Release|Any CPU.Build.0 = Release|Any CPU
		{369E3B1A-70E5-4E6A-A183-AA5389263180}.Debug|Any CPU.ActiveCfg = Debug|Any CPU
		{369E3B1A-70E5-4E6A-A183-AA5389263180}.Debug|Any CPU.Build.0 = Debug|Any CPU
		{369E3B1A-70E5-4E6A-A183-AA5389263180}.Release|Any CPU.ActiveCfg = Release|Any CPU
		{369E3B1A-70E5-4E6A-A183-AA5389263180}.Release|Any CPU.Build.0 = Release|Any CPU
		{3F468017-1D7C-45AF-93DF-CC2710B51A57}.Debug|Any CPU.ActiveCfg = Debug|Any CPU
		{3F468017-1D7C-45AF-93DF-CC2710B51A57}.Debug|Any CPU.Build.0 = Debug|Any CPU
		{3F468017-1D7C-45AF-93DF-CC2710B51A57}.Release|Any CPU.ActiveCfg = Release|Any CPU
		{3F468017-1D7C-45AF-93DF-CC2710B51A57}.Release|Any CPU.Build.0 = Release|Any CPU
		{3224EF4C-3E77-49B2-B14E-895475796A9B}.Debug|Any CPU.ActiveCfg = Debug|Any CPU
		{3224EF4C-3E77-49B2-B14E-895475796A9B}.Debug|Any CPU.Build.0 = Debug|Any CPU
		{3224EF4C-3E77-49B2-B14E-895475796A9B}.Release|Any CPU.ActiveCfg = Release|Any CPU
		{3224EF4C-3E77-49B2-B14E-895475796A9B}.Release|Any CPU.Build.0 = Release|Any CPU
		{34AF494E-0A86-4F9E-9F55-CDCA16D4CE1B}.Debug|Any CPU.ActiveCfg = Debug|Any CPU
		{34AF494E-0A86-4F9E-9F55-CDCA16D4CE1B}.Debug|Any CPU.Build.0 = Debug|Any CPU
		{34AF494E-0A86-4F9E-9F55-CDCA16D4CE1B}.Release|Any CPU.ActiveCfg = Release|Any CPU
		{34AF494E-0A86-4F9E-9F55-CDCA16D4CE1B}.Release|Any CPU.Build.0 = Release|Any CPU
		{41BFB8D7-2D52-4BCC-AC5B-3999983D74E8}.Debug|Any CPU.ActiveCfg = Debug|Any CPU
		{41BFB8D7-2D52-4BCC-AC5B-3999983D74E8}.Debug|Any CPU.Build.0 = Debug|Any CPU
		{41BFB8D7-2D52-4BCC-AC5B-3999983D74E8}.Release|Any CPU.ActiveCfg = Release|Any CPU
		{41BFB8D7-2D52-4BCC-AC5B-3999983D74E8}.Release|Any CPU.Build.0 = Release|Any CPU
		{78345E41-5D01-49C7-B8A0-ED8C5BF2B903}.Debug|Any CPU.ActiveCfg = Debug|Any CPU
		{78345E41-5D01-49C7-B8A0-ED8C5BF2B903}.Debug|Any CPU.Build.0 = Debug|Any CPU
		{78345E41-5D01-49C7-B8A0-ED8C5BF2B903}.Release|Any CPU.ActiveCfg = Release|Any CPU
		{78345E41-5D01-49C7-B8A0-ED8C5BF2B903}.Release|Any CPU.Build.0 = Release|Any CPU
		{3B9A0433-921E-437E-A7C4-0102888E9220}.Debug|Any CPU.ActiveCfg = Debug|Any CPU
		{3B9A0433-921E-437E-A7C4-0102888E9220}.Debug|Any CPU.Build.0 = Debug|Any CPU
		{3B9A0433-921E-437E-A7C4-0102888E9220}.Release|Any CPU.ActiveCfg = Release|Any CPU
		{3B9A0433-921E-437E-A7C4-0102888E9220}.Release|Any CPU.Build.0 = Release|Any CPU
		{55A53E27-947F-4718-8D89-C613A991F4CB}.Debug|Any CPU.ActiveCfg = Debug|Any CPU
		{55A53E27-947F-4718-8D89-C613A991F4CB}.Debug|Any CPU.Build.0 = Debug|Any CPU
		{55A53E27-947F-4718-8D89-C613A991F4CB}.Release|Any CPU.ActiveCfg = Release|Any CPU
		{55A53E27-947F-4718-8D89-C613A991F4CB}.Release|Any CPU.Build.0 = Release|Any CPU
	EndGlobalSection
	GlobalSection(SolutionProperties) = preSolution
		HideSolutionNode = FALSE
	EndGlobalSection
	GlobalSection(NestedProjects) = preSolution
		{4B5BDD00-6969-4F84-9C6A-60893472A8CD} = {91CA935C-3B7A-4D10-AC54-A425795B4FC0}
		{E2C9B81E-2B86-4C67-87B9-EA040FCA6646} = {91CA935C-3B7A-4D10-AC54-A425795B4FC0}
		{ACE2AC15-FEFF-48D3-97A4-F0236CF86F40} = {91CA935C-3B7A-4D10-AC54-A425795B4FC0}
		{43D903FD-8940-45A3-9563-A804B03E35A3} = {91CA935C-3B7A-4D10-AC54-A425795B4FC0}
		{CC3618A9-C65B-4114-8146-E4F25FD79D01} = {91CA935C-3B7A-4D10-AC54-A425795B4FC0}
		{A0B9A62B-7ADB-4433-8C10-7BDD2B37AFB5} = {FC5CE55B-6E15-4537-9FF2-78AC9190DA91}
		{43EB6D42-E344-4504-B231-17269947C333} = {FC5CE55B-6E15-4537-9FF2-78AC9190DA91}
		{B7E65D79-C8AD-43C9-A3F5-75DCC27075FD} = {FC5CE55B-6E15-4537-9FF2-78AC9190DA91}
		{D2114525-CC21-466B-BD45-032D6A95A7B1} = {FC5CE55B-6E15-4537-9FF2-78AC9190DA91}
		{95775884-CEFB-4C0F-BE63-88BAC48924D2} = {FC5CE55B-6E15-4537-9FF2-78AC9190DA91}
		{1EDD2678-7C5E-40F7-9EF3-6071E728B233} = {4DB10C55-75F4-4A69-B547-8556256B2CEF}
		{369E3B1A-70E5-4E6A-A183-AA5389263180} = {4DB10C55-75F4-4A69-B547-8556256B2CEF}
		{3F468017-1D7C-45AF-93DF-CC2710B51A57} = {4DB10C55-75F4-4A69-B547-8556256B2CEF}
		{3224EF4C-3E77-49B2-B14E-895475796A9B} = {4DB10C55-75F4-4A69-B547-8556256B2CEF}
		{34AF494E-0A86-4F9E-9F55-CDCA16D4CE1B} = {59A61E3A-C803-4BD7-8632-7CF068C66725}
		{41BFB8D7-2D52-4BCC-AC5B-3999983D74E8} = {59A61E3A-C803-4BD7-8632-7CF068C66725}
		{78345E41-5D01-49C7-B8A0-ED8C5BF2B903} = {59A61E3A-C803-4BD7-8632-7CF068C66725}
		{3B9A0433-921E-437E-A7C4-0102888E9220} = {59A61E3A-C803-4BD7-8632-7CF068C66725}
		{55A53E27-947F-4718-8D89-C613A991F4CB} = {AE8B5821-7CBC-4437-8B72-4CFE6B48700E}
	EndGlobalSection
	GlobalSection(ExtensibilityGlobals) = postSolution
		SolutionGuid = {AB008DA0-EA2A-4A46-B905-B82BB93E0533}
	EndGlobalSection
EndGlobal
